
Microsoft Visual Studio Solution File, Format Version 12.00
# Visual Studio Version 17
VisualStudioVersion = 17.5.33502.453
MinimumVisualStudioVersion = 10.0.40219.1
Project("{9A19103F-16F7-4668-BE54-9A1E7A4F7556}") = "Pulsar Pack Creator", "PulsarPackCreator\Pulsar Pack Creator.csproj", "{486B3273-1E3D-4827-9C3A-C79228F94363}"
EndProject
Project("{2150E333-8FDC-42A3-9474-1A3956D46DE8}") = "Solution Items", "Solution Items", "{4B918FF6-6653-4F78-92EC-1E91D5A3D131}"
EndProject
Global
	GlobalSection(SolutionConfigurationPlatforms) = preSolution
		Debug|Any CPU = Debug|Any CPU
		Release|Any CPU = Release|Any CPU
	EndGlobalSection
	GlobalSection(ProjectConfigurationPlatforms) = postSolution
		{486B3273-1E3D-4827-9C3A-C79228F94363}.Debug|Any CPU.ActiveCfg = Debug|Any CPU
		{486B3273-1E3D-4827-9C3A-C79228F94363}.Debug|Any CPU.Build.0 = Debug|Any CPU
		{486B3273-1E3D-4827-9C3A-C79228F94363}.Release|Any CPU.ActiveCfg = Release|Any CPU
		{486B3273-1E3D-4827-9C3A-C79228F94363}.Release|Any CPU.Build.0 = Release|Any CPU
	EndGlobalSection
	GlobalSection(SolutionProperties) = preSolution
		HideSolutionNode = FALSE
	EndGlobalSection
	GlobalSection(ExtensibilityGlobals) = postSolution
		SolutionGuid = {0E2BC1EE-6A79-431D-B12C-5B2BCEFC53F4}
	EndGlobalSection
EndGlobal
